
Microsoft Visual Studio Solution File, Format Version 12.00
# Visual Studio Version 16
VisualStudioVersion = 16.0.30804.86
MinimumVisualStudioVersion = 10.0.40219.1
Project("{FAE04EC0-301F-11D3-BF4B-00C04F79EFBC}") = "2.Raiding", "2.Raiding\2.Raiding.csproj", "{BB55BA4C-6E43-40B0-946E-EDBE91857689}"
EndProject
Global
	GlobalSection(SolutionConfigurationPlatforms) = preSolution
		Debug|Any CPU = Debug|Any CPU
		Release|Any CPU = Release|Any CPU
	EndGlobalSection
	GlobalSection(ProjectConfigurationPlatforms) = postSolution
		{BB55BA4C-6E43-40B0-946E-EDBE91857689}.Debug|Any CPU.ActiveCfg = Debug|Any CPU
		{BB55BA4C-6E43-40B0-946E-EDBE91857689}.Debug|Any CPU.Build.0 = Debug|Any CPU
		{BB55BA4C-6E43-40B0-946E-EDBE91857689}.Release|Any CPU.ActiveCfg = Release|Any CPU
		{BB55BA4C-6E43-40B0-946E-EDBE91857689}.Release|Any CPU.Build.0 = Release|Any CPU
	EndGlobalSection
	GlobalSection(SolutionProperties) = preSolution
		HideSolutionNode = FALSE
	EndGlobalSection
	GlobalSection(ExtensibilityGlobals) = postSolution
		SolutionGuid = {B5CDE306-CEE9-4A74-9EC4-4E05B18FB618}
	EndGlobalSection
EndGlobal
