
Microsoft Visual Studio Solution File, Format Version 12.00
# Visual Studio Version 16
VisualStudioVersion = 16.0.30804.86
MinimumVisualStudioVersion = 10.0.40219.1
Project("{FAE04EC0-301F-11D3-BF4B-00C04F79EFBC}") = "1.VehiclesExtension", "1.VehiclesExtension\1.VehiclesExtension.csproj", "{DA1DB6F8-59C4-41DB-94D6-E53EB25FBF24}"
EndProject
Global
	GlobalSection(SolutionConfigurationPlatforms) = preSolution
		Debug|Any CPU = Debug|Any CPU
		Release|Any CPU = Release|Any CPU
	EndGlobalSection
	GlobalSection(ProjectConfigurationPlatforms) = postSolution
		{DA1DB6F8-59C4-41DB-94D6-E53EB25FBF24}.Debug|Any CPU.ActiveCfg = Debug|Any CPU
		{DA1DB6F8-59C4-41DB-94D6-E53EB25FBF24}.Debug|Any CPU.Build.0 = Debug|Any CPU
		{DA1DB6F8-59C4-41DB-94D6-E53EB25FBF24}.Release|Any CPU.ActiveCfg = Release|Any CPU
		{DA1DB6F8-59C4-41DB-94D6-E53EB25FBF24}.Release|Any CPU.Build.0 = Release|Any CPU
	EndGlobalSection
	GlobalSection(SolutionProperties) = preSolution
		HideSolutionNode = FALSE
	EndGlobalSection
	GlobalSection(ExtensibilityGlobals) = postSolution
		SolutionGuid = {27AD8C64-E6D1-45BE-8BAC-F7F3F5876ABC}
	EndGlobalSection
EndGlobal
